<?xml version="1.0" encoding="utf-8"?>
<Project ToolsVersion="4.0" xmlns="http://schemas.microsoft.com/developer/msbuild/2003">
  <ItemGroup>
    <Filter Include="Source Files">
      <UniqueIdentifier>{4FC737F1-C7A5-4376-A066-2A32D752A2FF}</UniqueIdentifier>
      <Extensions>cpp;c;cc;cxx;c++;cppm;ixx;def;odl;idl;hpj;bat;asm;asmx</Extensions>
    </Filter>
    <Filter Include="Header Files">
      <UniqueIdentifier>{93995380-89BD-4b04-88EB-625FBE52EBFB}</UniqueIdentifier>
      <Extensions>h;hh;hpp;hxx;h++;hm;inl;inc;ipp;xsd</Extensions>
    </Filter>
    <Filter Include="Resource Files">
      <UniqueIdentifier>{67DA6AB6-F800-4c08-8B7A-83BB121AAD01}</UniqueIdentifier>
      <Extensions>rc;ico;cur;bmp;dlg;rc2;rct;bin;rgs;gif;jpg;jpeg;jpe;resx;tiff;tif;png;wav;mfcribbon-ms</Extensions>
    </Filter>
    <Filter Include="Source Files\ShaderHandler">
      <UniqueIdentifier>{b67f7624-f835-4199-9624-09e1cc2f1e1c}</UniqueIdentifier>
    </Filter>
    <Filter Include="Source Files\CameraHandler">
      <UniqueIdentifier>{acf22639-d544-4525-b04b-f4f95365ec2c}</UniqueIdentifier>
    </Filter>
    <Filter Include="Source Files\ObjectHandler">
      <UniqueIdentifier>{f07bc336-9867-4d34-8981-9a7e5c94279b}</UniqueIdentifier>
    </Filter>
    <Filter Include="Source Files\TSR_Simulation">
      <UniqueIdentifier>{34e89e6c-abf9-4795-8879-5247c137439e}</UniqueIdentifier>
    </Filter>
    <Filter Include="Source Files\stb_image">
      <UniqueIdentifier>{21b9310b-f5e5-4231-be4c-a35aa1c2027f}</UniqueIdentifier>
    </Filter>
    <Filter Include="Source Files\Timer">
      <UniqueIdentifier>{f0094dba-6331-478d-9029-972d7d862573}</UniqueIdentifier>
    </Filter>
    <Filter Include="Source Files\ImGui">
      <UniqueIdentifier>{27bd89ba-a13b-48f0-8d1b-0a8428b32528}</UniqueIdentifier>
    </Filter>
  </ItemGroup>
  <ItemGroup>
    <ClCompile Include="TSR Simulation App.cpp">
      <Filter>Source Files</Filter>
    </ClCompile>
    <ClCompile Include="ShaderHandler.cpp">
      <Filter>Source Files\ShaderHandler</Filter>
    </ClCompile>
    <ClCompile Include="CameraHandler.cpp">
      <Filter>Source Files\CameraHandler</Filter>
    </ClCompile>
    <ClCompile Include="ObjectHandler.cpp">
      <Filter>Source Files\ObjectHandler</Filter>
    </ClCompile>
    <ClCompile Include="TSR_Simulation.cpp">
      <Filter>Source Files\TSR_Simulation</Filter>
    </ClCompile>
    <ClCompile Include="glad.c">
      <Filter>Source Files</Filter>
    </ClCompile>
    <ClCompile Include="Timer.cpp">
      <Filter>Source Files\Timer</Filter>
    </ClCompile>
    <ClCompile Include="..\Dependencies\include\imgui\backends\imgui_impl_glfw.cpp">
      <Filter>Source Files\ImGui</Filter>
    </ClCompile>
    <ClCompile Include="..\Dependencies\include\imgui\backends\imgui_impl_opengl3.cpp">
      <Filter>Source Files\ImGui</Filter>
    </ClCompile>
    <ClCompile Include="..\Dependencies\include\imgui\imgui.cpp">
      <Filter>Source Files\ImGui</Filter>
    </ClCompile>
    <ClCompile Include="..\Dependencies\include\imgui\imgui_demo.cpp">
      <Filter>Source Files\ImGui</Filter>
    </ClCompile>
    <ClCompile Include="..\Dependencies\include\imgui\imgui_draw.cpp">
      <Filter>Source Files\ImGui</Filter>
    </ClCompile>
    <ClCompile Include="..\Dependencies\include\imgui\imgui_tables.cpp">
      <Filter>Source Files\ImGui</Filter>
    </ClCompile>
    <ClCompile Include="..\Dependencies\include\imgui\imgui_widgets.cpp">
      <Filter>Source Files\ImGui</Filter>
    </ClCompile>
  </ItemGroup>
  <ItemGroup>
    <ClInclude Include="ShaderHandler.h">
      <Filter>Source Files\ShaderHandler</Filter>
    </ClInclude>
    <ClInclude Include="CameraHandler.h">
      <Filter>Source Files\CameraHandler</Filter>
    </ClInclude>
    <ClInclude Include="ObjectHandler.h">
      <Filter>Source Files\ObjectHandler</Filter>
    </ClInclude>
    <ClInclude Include="TSR_Simulation.h">
      <Filter>Source Files\TSR_Simulation</Filter>
    </ClInclude>
    <ClInclude Include="..\Dependencies\include\stb_image\stb_image.h">
      <Filter>Source Files\stb_image</Filter>
    </ClInclude>
    <ClInclude Include="..\Dependencies\include\stb_image\stb_image_write.h">
      <Filter>Source Files\stb_image</Filter>
    </ClInclude>
    <ClInclude Include="Timer.h">
      <Filter>Source Files\Timer</Filter>
    </ClInclude>
    <ClInclude Include="..\Dependencies\include\assimp\config.h">
      <Filter>Source Files</Filter>
    </ClInclude>
    <ClInclude Include="..\Dependencies\include\imgui\backends\imgui_impl_glfw.h">
      <Filter>Source Files\ImGui</Filter>
    </ClInclude>
    <ClInclude Include="..\Dependencies\include\imgui\backends\imgui_impl_opengl3.h">
      <Filter>Source Files\ImGui</Filter>
    </ClInclude>
    <ClInclude Include="..\Dependencies\include\imgui\backends\imgui_impl_opengl3_loader.h">
      <Filter>Source Files\ImGui</Filter>
    </ClInclude>
    <ClInclude Include="..\Dependencies\include\imgui\imconfig.h">
      <Filter>Source Files\ImGui</Filter>
    </ClInclude>
    <ClInclude Include="..\Dependencies\include\imgui\imgui.h">
      <Filter>Source Files\ImGui</Filter>
    </ClInclude>
    <ClInclude Include="..\Dependencies\include\imgui\imgui_internal.h">
      <Filter>Source Files\ImGui</Filter>
    </ClInclude>
    <ClInclude Include="..\Dependencies\include\imgui\imstb_rectpack.h">
      <Filter>Source Files\ImGui</Filter>
    </ClInclude>
    <ClInclude Include="..\Dependencies\include\imgui\imstb_textedit.h">
      <Filter>Source Files\ImGui</Filter>
    </ClInclude>
    <ClInclude Include="..\Dependencies\include\imgui\imstb_truetype.h">
      <Filter>Source Files\ImGui</Filter>
    </ClInclude>
  </ItemGroup>
</Project>